PODS:
  - Kingfisher (7.12.0)
  - SnapKit (5.6.0)
  - SwiftyJSON (5.0.0)

DEPENDENCIES:
  - Kingfisher (~> 7.0)
  - SnapKit
  - SwiftyJSON (= 5.0.0)

SPEC REPOS:
  trunk:
    - Kingfisher
    - SnapKit
    - SwiftyJSON

SPEC CHECKSUMS:
  Kingfisher: 53a10ea35051a436b5fb626ca2dd8f3144d755e9
  SnapKit: e01d52ebb8ddbc333eefe2132acf85c8227d9c25
  SwiftyJSON: 36413e04c44ee145039d332b4f4e2d3e8d6c4db7

PODFILE CHECKSUM: 52c88408501c34b2d60aaa47e13eb12083bf7dd3

COCOAPODS: 1.11.3
