// !$*UTF8*$!
{
	archiveVersion = 1;
	classes = {
	};
	objectVersion = 56;
	objects = {

/* Begin PBXBuildFile section */
		0DEC60B60139BB1455D99AE2 /* Pods_YetAnotherWeather.framework in Frameworks */ = {isa = PBXBuildFile; fileRef = 0514F7AC21955F3E87FF1317 /* Pods_YetAnotherWeather.framework */; };
		4813DE1A2BF2802300800CCD /* AppDelegate.swift in Sources */ = {isa = PBXBuildFile; fileRef = 4813DE192BF2802300800CCD /* AppDelegate.swift */; };
		4813DE232BF2802800800CCD /* Assets.xcassets in Resources */ = {isa = PBXBuildFile; fileRef = 4813DE222BF2802800800CCD /* Assets.xcassets */; };
		4813DE262BF2802800800CCD /* LaunchScreen.storyboard in Resources */ = {isa = PBXBuildFile; fileRef = 4813DE242BF2802800800CCD /* LaunchScreen.storyboard */; };
		48C9DBB82BFA7BF900001A57 /* WeatherListCoordinator.swift in Sources */ = {isa = PBXBuildFile; fileRef = 48C9DBB72BFA7BF900001A57 /* WeatherListCoordinator.swift */; };
		48C9DBBB2BFA7C1900001A57 /* AppCoordinator.swift in Sources */ = {isa = PBXBuildFile; fileRef = 48C9DBBA2BFA7C1900001A57 /* AppCoordinator.swift */; };
		48C9DBBD2BFA7C2C00001A57 /* ICoordinator.swift in Sources */ = {isa = PBXBuildFile; fileRef = 48C9DBBC2BFA7C2C00001A57 /* ICoordinator.swift */; };
		E26CA8912BF2948A00F01EC9 /* WeatherListViewController.swift in Sources */ = {isa = PBXBuildFile; fileRef = E26CA8902BF2948A00F01EC9 /* WeatherListViewController.swift */; };
		E26CA8942BF2950100F01EC9 /* WeatherListPresenter.swift in Sources */ = {isa = PBXBuildFile; fileRef = E26CA8932BF2950100F01EC9 /* WeatherListPresenter.swift */; };
		E26CA8972BF2953000F01EC9 /* WeatherListAssembly.swift in Sources */ = {isa = PBXBuildFile; fileRef = E26CA8962BF2953000F01EC9 /* WeatherListAssembly.swift */; };
/* End PBXBuildFile section */

/* Begin PBXFileReference section */
		0514F7AC21955F3E87FF1317 /* Pods_YetAnotherWeather.framework */ = {isa = PBXFileReference; explicitFileType = wrapper.framework; includeInIndex = 0; path = Pods_YetAnotherWeather.framework; sourceTree = BUILT_PRODUCTS_DIR; };
		4813DE162BF2802300800CCD /* YetAnotherWeather.app */ = {isa = PBXFileReference; explicitFileType = wrapper.application; includeInIndex = 0; path = YetAnotherWeather.app; sourceTree = BUILT_PRODUCTS_DIR; };
		4813DE192BF2802300800CCD /* AppDelegate.swift */ = {isa = PBXFileReference; lastKnownFileType = sourcecode.swift; path = AppDelegate.swift; sourceTree = "<group>"; };
		4813DE222BF2802800800CCD /* Assets.xcassets */ = {isa = PBXFileReference; lastKnownFileType = folder.assetcatalog; path = Assets.xcassets; sourceTree = "<group>"; };
		4813DE252BF2802800800CCD /* Base */ = {isa = PBXFileReference; lastKnownFileType = file.storyboard; name = Base; path = Base.lproj/LaunchScreen.storyboard; sourceTree = "<group>"; };
		4813DE272BF2802900800CCD /* Info.plist */ = {isa = PBXFileReference; lastKnownFileType = text.plist.xml; path = Info.plist; sourceTree = "<group>"; };
		48C9DBB72BFA7BF900001A57 /* WeatherListCoordinator.swift */ = {isa = PBXFileReference; lastKnownFileType = sourcecode.swift; path = WeatherListCoordinator.swift; sourceTree = "<group>"; };
		48C9DBBA2BFA7C1900001A57 /* AppCoordinator.swift */ = {isa = PBXFileReference; lastKnownFileType = sourcecode.swift; path = AppCoordinator.swift; sourceTree = "<group>"; };
		48C9DBBC2BFA7C2C00001A57 /* ICoordinator.swift */ = {isa = PBXFileReference; lastKnownFileType = sourcecode.swift; path = ICoordinator.swift; sourceTree = "<group>"; };
		BC3E558F7C4C055B6E3877E3 /* Pods-YetAnotherWeather.release.xcconfig */ = {isa = PBXFileReference; includeInIndex = 1; lastKnownFileType = text.xcconfig; name = "Pods-YetAnotherWeather.release.xcconfig"; path = "Target Support Files/Pods-YetAnotherWeather/Pods-YetAnotherWeather.release.xcconfig"; sourceTree = "<group>"; };
		DC9CB1FB3EE91488279642ED /* Pods-YetAnotherWeather.debug.xcconfig */ = {isa = PBXFileReference; includeInIndex = 1; lastKnownFileType = text.xcconfig; name = "Pods-YetAnotherWeather.debug.xcconfig"; path = "Target Support Files/Pods-YetAnotherWeather/Pods-YetAnotherWeather.debug.xcconfig"; sourceTree = "<group>"; };
		E26CA8902BF2948A00F01EC9 /* WeatherListViewController.swift */ = {isa = PBXFileReference; lastKnownFileType = sourcecode.swift; path = WeatherListViewController.swift; sourceTree = "<group>"; };
		E26CA8932BF2950100F01EC9 /* WeatherListPresenter.swift */ = {isa = PBXFileReference; lastKnownFileType = sourcecode.swift; path = WeatherListPresenter.swift; sourceTree = "<group>"; };
		E26CA8962BF2953000F01EC9 /* WeatherListAssembly.swift */ = {isa = PBXFileReference; lastKnownFileType = sourcecode.swift; path = WeatherListAssembly.swift; sourceTree = "<group>"; };
/* End PBXFileReference section */

/* Begin PBXFrameworksBuildPhase section */
		4813DE132BF2802300800CCD /* Frameworks */ = {
			isa = PBXFrameworksBuildPhase;
			buildActionMask = 2147483647;
			files = (
				0DEC60B60139BB1455D99AE2 /* Pods_YetAnotherWeather.framework in Frameworks */,
			);
			runOnlyForDeploymentPostprocessing = 0;
		};
/* End PBXFrameworksBuildPhase section */

/* Begin PBXGroup section */
		2D9118FD3A5129EB24B6EFCA /* Frameworks */ = {
			isa = PBXGroup;
			children = (
				0514F7AC21955F3E87FF1317 /* Pods_YetAnotherWeather.framework */,
			);
			name = Frameworks;
			sourceTree = "<group>";
		};
		4813DE0D2BF2802300800CCD = {
			isa = PBXGroup;
			children = (
				4813DE182BF2802300800CCD /* YetAnotherWeather */,
				4813DE172BF2802300800CCD /* Products */,
				D6C4C4C33A8B34819B51D126 /* Pods */,
				2D9118FD3A5129EB24B6EFCA /* Frameworks */,
			);
			sourceTree = "<group>";
		};
		4813DE172BF2802300800CCD /* Products */ = {
			isa = PBXGroup;
			children = (
				4813DE162BF2802300800CCD /* YetAnotherWeather.app */,
			);
			name = Products;
			sourceTree = "<group>";
		};
		4813DE182BF2802300800CCD /* YetAnotherWeather */ = {
			isa = PBXGroup;
			children = (
				48C9DBB92BFA7C0400001A57 /* Coordinator */,
				E26CA88C2BF2943900F01EC9 /* PresentationLayer */,
				4813DE192BF2802300800CCD /* AppDelegate.swift */,
				4813DE222BF2802800800CCD /* Assets.xcassets */,
				4813DE242BF2802800800CCD /* LaunchScreen.storyboard */,
				4813DE272BF2802900800CCD /* Info.plist */,
			);
			path = YetAnotherWeather;
			sourceTree = "<group>";
		};
		48C9DBB92BFA7C0400001A57 /* Coordinator */ = {
			isa = PBXGroup;
			children = (
				48C9DBBA2BFA7C1900001A57 /* AppCoordinator.swift */,
				48C9DBBC2BFA7C2C00001A57 /* ICoordinator.swift */,
			);
			path = Coordinator;
			sourceTree = "<group>";
		};
		D6C4C4C33A8B34819B51D126 /* Pods */ = {
			isa = PBXGroup;
			children = (
				DC9CB1FB3EE91488279642ED /* Pods-YetAnotherWeather.debug.xcconfig */,
				BC3E558F7C4C055B6E3877E3 /* Pods-YetAnotherWeather.release.xcconfig */,
			);
			path = Pods;
			sourceTree = "<group>";
		};
		E26CA88C2BF2943900F01EC9 /* PresentationLayer */ = {
			isa = PBXGroup;
			children = (
				E26CA88E2BF2946400F01EC9 /* UserStories */,
			);
			path = PresentationLayer;
			sourceTree = "<group>";
		};
		E26CA88E2BF2946400F01EC9 /* UserStories */ = {
			isa = PBXGroup;
			children = (
				E26CA88F2BF2946C00F01EC9 /* WeatherList */,
			);
			path = UserStories;
			sourceTree = "<group>";
		};
		E26CA88F2BF2946C00F01EC9 /* WeatherList */ = {
			isa = PBXGroup;
			children = (
				E26CA8902BF2948A00F01EC9 /* WeatherListViewController.swift */,
				E26CA8932BF2950100F01EC9 /* WeatherListPresenter.swift */,
				E26CA8962BF2953000F01EC9 /* WeatherListAssembly.swift */,
				48C9DBB72BFA7BF900001A57 /* WeatherListCoordinator.swift */,
			);
			path = WeatherList;
			sourceTree = "<group>";
		};
/* End PBXGroup section */

/* Begin PBXNativeTarget section */
		4813DE152BF2802300800CCD /* YetAnotherWeather */ = {
			isa = PBXNativeTarget;
			buildConfigurationList = 4813DE2A2BF2802900800CCD /* Build configuration list for PBXNativeTarget "YetAnotherWeather" */;
			buildPhases = (
				AE1879E2D035F99305D16E18 /* [CP] Check Pods Manifest.lock */,
				4813DE122BF2802300800CCD /* Sources */,
				4813DE132BF2802300800CCD /* Frameworks */,
				4813DE142BF2802300800CCD /* Resources */,
				C5E4A20CE74EA716D5014C9D /* [CP] Embed Pods Frameworks */,
			);
			buildRules = (
			);
			dependencies = (
			);
			name = YetAnotherWeather;
			productName = YetAnotherWeather;
			productReference = 4813DE162BF2802300800CCD /* YetAnotherWeather.app */;
			productType = "com.apple.product-type.application";
		};
/* End PBXNativeTarget section */

/* Begin PBXProject section */
		4813DE0E2BF2802300800CCD /* Project object */ = {
			isa = PBXProject;
			attributes = {
				BuildIndependentTargetsInParallel = 1;
				LastSwiftUpdateCheck = 1430;
				LastUpgradeCheck = 1430;
				TargetAttributes = {
					4813DE152BF2802300800CCD = {
						CreatedOnToolsVersion = 14.3.1;
					};
				};
			};
			buildConfigurationList = 4813DE112BF2802300800CCD /* Build configuration list for PBXProject "YetAnotherWeather" */;
			compatibilityVersion = "Xcode 14.0";
			developmentRegion = en;
			hasScannedForEncodings = 0;
			knownRegions = (
				en,
				Base,
			);
			mainGroup = 4813DE0D2BF2802300800CCD;
			productRefGroup = 4813DE172BF2802300800CCD /* Products */;
			projectDirPath = "";
			projectRoot = "";
			targets = (
				4813DE152BF2802300800CCD /* YetAnotherWeather */,
			);
		};
/* End PBXProject section */

/* Begin PBXResourcesBuildPhase section */
		4813DE142BF2802300800CCD /* Resources */ = {
			isa = PBXResourcesBuildPhase;
			buildActionMask = 2147483647;
			files = (
				4813DE262BF2802800800CCD /* LaunchScreen.storyboard in Resources */,
				4813DE232BF2802800800CCD /* Assets.xcassets in Resources */,
			);
			runOnlyForDeploymentPostprocessing = 0;
		};
/* End PBXResourcesBuildPhase section */

/* Begin PBXShellScriptBuildPhase section */
		AE1879E2D035F99305D16E18 /* [CP] Check Pods Manifest.lock */ = {
			isa = PBXShellScriptBuildPhase;
			buildActionMask = 2147483647;
			files = (
			);
			inputFileListPaths = (
			);
			inputPaths = (
				"${PODS_PODFILE_DIR_PATH}/Podfile.lock",
				"${PODS_ROOT}/Manifest.lock",
			);
			name = "[CP] Check Pods Manifest.lock";
			outputFileListPaths = (
			);
			outputPaths = (
				"$(DERIVED_FILE_DIR)/Pods-YetAnotherWeather-checkManifestLockResult.txt",
			);
			runOnlyForDeploymentPostprocessing = 0;
			shellPath = /bin/sh;
			shellScript = "diff \"${PODS_PODFILE_DIR_PATH}/Podfile.lock\" \"${PODS_ROOT}/Manifest.lock\" > /dev/null\nif [ $? != 0 ] ; then\n    # print error to STDERR\n    echo \"error: The sandbox is not in sync with the Podfile.lock. Run 'pod install' or update your CocoaPods installation.\" >&2\n    exit 1\nfi\n# This output is used by Xcode 'outputs' to avoid re-running this script phase.\necho \"SUCCESS\" > \"${SCRIPT_OUTPUT_FILE_0}\"\n";
			showEnvVarsInLog = 0;
		};
		C5E4A20CE74EA716D5014C9D /* [CP] Embed Pods Frameworks */ = {
			isa = PBXShellScriptBuildPhase;
			buildActionMask = 2147483647;
			files = (
			);
			inputFileListPaths = (
				"${PODS_ROOT}/Target Support Files/Pods-YetAnotherWeather/Pods-YetAnotherWeather-frameworks-${CONFIGURATION}-input-files.xcfilelist",
			);
			name = "[CP] Embed Pods Frameworks";
			outputFileListPaths = (
				"${PODS_ROOT}/Target Support Files/Pods-YetAnotherWeather/Pods-YetAnotherWeather-frameworks-${CONFIGURATION}-output-files.xcfilelist",
			);
			runOnlyForDeploymentPostprocessing = 0;
			shellPath = /bin/sh;
			shellScript = "\"${PODS_ROOT}/Target Support Files/Pods-YetAnotherWeather/Pods-YetAnotherWeather-frameworks.sh\"\n";
			showEnvVarsInLog = 0;
		};
/* End PBXShellScriptBuildPhase section */

/* Begin PBXSourcesBuildPhase section */
		4813DE122BF2802300800CCD /* Sources */ = {
			isa = PBXSourcesBuildPhase;
			buildActionMask = 2147483647;
			files = (
				48C9DBBB2BFA7C1900001A57 /* AppCoordinator.swift in Sources */,
				E26CA8912BF2948A00F01EC9 /* WeatherListViewController.swift in Sources */,
				48C9DBB82BFA7BF900001A57 /* WeatherListCoordinator.swift in Sources */,
				E26CA8942BF2950100F01EC9 /* WeatherListPresenter.swift in Sources */,
				E26CA8972BF2953000F01EC9 /* WeatherListAssembly.swift in Sources */,
				4813DE1A2BF2802300800CCD /* AppDelegate.swift in Sources */,
				48C9DBBD2BFA7C2C00001A57 /* ICoordinator.swift in Sources */,
			);
			runOnlyForDeploymentPostprocessing = 0;
		};
/* End PBXSourcesBuildPhase section */

/* Begin PBXVariantGroup section */
		4813DE242BF2802800800CCD /* LaunchScreen.storyboard */ = {
			isa = PBXVariantGroup;
			children = (
				4813DE252BF2802800800CCD /* Base */,
			);
			name = LaunchScreen.storyboard;
			sourceTree = "<group>";
		};
/* End PBXVariantGroup section */

/* Begin XCBuildConfiguration section */
		4813DE282BF2802900800CCD /* Debug */ = {
			isa = XCBuildConfiguration;
			buildSettings = {
				ALWAYS_SEARCH_USER_PATHS = NO;
				CLANG_ANALYZER_NONNULL = YES;
				CLANG_ANALYZER_NUMBER_OBJECT_CONVERSION = YES_AGGRESSIVE;
				CLANG_CXX_LANGUAGE_STANDARD = "gnu++20";
				CLANG_ENABLE_MODULES = YES;
				CLANG_ENABLE_OBJC_ARC = YES;
				CLANG_ENABLE_OBJC_WEAK = YES;
				CLANG_WARN_BLOCK_CAPTURE_AUTORELEASING = YES;
				CLANG_WARN_BOOL_CONVERSION = YES;
				CLANG_WARN_COMMA = YES;
				CLANG_WARN_CONSTANT_CONVERSION = YES;
				CLANG_WARN_DEPRECATED_OBJC_IMPLEMENTATIONS = YES;
				CLANG_WARN_DIRECT_OBJC_ISA_USAGE = YES_ERROR;
				CLANG_WARN_DOCUMENTATION_COMMENTS = YES;
				CLANG_WARN_EMPTY_BODY = YES;
				CLANG_WARN_ENUM_CONVERSION = YES;
				CLANG_WARN_INFINITE_RECURSION = YES;
				CLANG_WARN_INT_CONVERSION = YES;
				CLANG_WARN_NON_LITERAL_NULL_CONVERSION = YES;
				CLANG_WARN_OBJC_IMPLICIT_RETAIN_SELF = YES;
				CLANG_WARN_OBJC_LITERAL_CONVERSION = YES;
				CLANG_WARN_OBJC_ROOT_CLASS = YES_ERROR;
				CLANG_WARN_QUOTED_INCLUDE_IN_FRAMEWORK_HEADER = YES;
				CLANG_WARN_RANGE_LOOP_ANALYSIS = YES;
				CLANG_WARN_STRICT_PROTOTYPES = YES;
				CLANG_WARN_SUSPICIOUS_MOVE = YES;
				CLANG_WARN_UNGUARDED_AVAILABILITY = YES_AGGRESSIVE;
				CLANG_WARN_UNREACHABLE_CODE = YES;
				CLANG_WARN__DUPLICATE_METHOD_MATCH = YES;
				COPY_PHASE_STRIP = NO;
				DEBUG_INFORMATION_FORMAT = dwarf;
				ENABLE_STRICT_OBJC_MSGSEND = YES;
				ENABLE_TESTABILITY = YES;
				GCC_C_LANGUAGE_STANDARD = gnu11;
				GCC_DYNAMIC_NO_PIC = NO;
				GCC_NO_COMMON_BLOCKS = YES;
				GCC_OPTIMIZATION_LEVEL = 0;
				GCC_PREPROCESSOR_DEFINITIONS = (
					"DEBUG=1",
					"$(inherited)",
				);
				GCC_WARN_64_TO_32_BIT_CONVERSION = YES;
				GCC_WARN_ABOUT_RETURN_TYPE = YES_ERROR;
				GCC_WARN_UNDECLARED_SELECTOR = YES;
				GCC_WARN_UNINITIALIZED_AUTOS = YES_AGGRESSIVE;
				GCC_WARN_UNUSED_FUNCTION = YES;
				GCC_WARN_UNUSED_VARIABLE = YES;
				IPHONEOS_DEPLOYMENT_TARGET = 16.4;
				MTL_ENABLE_DEBUG_INFO = INCLUDE_SOURCE;
				MTL_FAST_MATH = YES;
				ONLY_ACTIVE_ARCH = YES;
				SDKROOT = iphoneos;
				SWIFT_ACTIVE_COMPILATION_CONDITIONS = DEBUG;
				SWIFT_OPTIMIZATION_LEVEL = "-Onone";
			};
			name = Debug;
		};
		4813DE292BF2802900800CCD /* Release */ = {
			isa = XCBuildConfiguration;
			buildSettings = {
				ALWAYS_SEARCH_USER_PATHS = NO;
				CLANG_ANALYZER_NONNULL = YES;
				CLANG_ANALYZER_NUMBER_OBJECT_CONVERSION = YES_AGGRESSIVE;
				CLANG_CXX_LANGUAGE_STANDARD = "gnu++20";
				CLANG_ENABLE_MODULES = YES;
				CLANG_ENABLE_OBJC_ARC = YES;
				CLANG_ENABLE_OBJC_WEAK = YES;
				CLANG_WARN_BLOCK_CAPTURE_AUTORELEASING = YES;
				CLANG_WARN_BOOL_CONVERSION = YES;
				CLANG_WARN_COMMA = YES;
				CLANG_WARN_CONSTANT_CONVERSION = YES;
				CLANG_WARN_DEPRECATED_OBJC_IMPLEMENTATIONS = YES;
				CLANG_WARN_DIRECT_OBJC_ISA_USAGE = YES_ERROR;
				CLANG_WARN_DOCUMENTATION_COMMENTS = YES;
				CLANG_WARN_EMPTY_BODY = YES;
				CLANG_WARN_ENUM_CONVERSION = YES;
				CLANG_WARN_INFINITE_RECURSION = YES;
				CLANG_WARN_INT_CONVERSION = YES;
				CLANG_WARN_NON_LITERAL_NULL_CONVERSION = YES;
				CLANG_WARN_OBJC_IMPLICIT_RETAIN_SELF = YES;
				CLANG_WARN_OBJC_LITERAL_CONVERSION = YES;
				CLANG_WARN_OBJC_ROOT_CLASS = YES_ERROR;
				CLANG_WARN_QUOTED_INCLUDE_IN_FRAMEWORK_HEADER = YES;
				CLANG_WARN_RANGE_LOOP_ANALYSIS = YES;
				CLANG_WARN_STRICT_PROTOTYPES = YES;
				CLANG_WARN_SUSPICIOUS_MOVE = YES;
				CLANG_WARN_UNGUARDED_AVAILABILITY = YES_AGGRESSIVE;
				CLANG_WARN_UNREACHABLE_CODE = YES;
				CLANG_WARN__DUPLICATE_METHOD_MATCH = YES;
				COPY_PHASE_STRIP = NO;
				DEBUG_INFORMATION_FORMAT = "dwarf-with-dsym";
				ENABLE_NS_ASSERTIONS = NO;
				ENABLE_STRICT_OBJC_MSGSEND = YES;
				GCC_C_LANGUAGE_STANDARD = gnu11;
				GCC_NO_COMMON_BLOCKS = YES;
				GCC_WARN_64_TO_32_BIT_CONVERSION = YES;
				GCC_WARN_ABOUT_RETURN_TYPE = YES_ERROR;
				GCC_WARN_UNDECLARED_SELECTOR = YES;
				GCC_WARN_UNINITIALIZED_AUTOS = YES_AGGRESSIVE;
				GCC_WARN_UNUSED_FUNCTION = YES;
				GCC_WARN_UNUSED_VARIABLE = YES;
				IPHONEOS_DEPLOYMENT_TARGET = 16.4;
				MTL_ENABLE_DEBUG_INFO = NO;
				MTL_FAST_MATH = YES;
				SDKROOT = iphoneos;
				SWIFT_COMPILATION_MODE = wholemodule;
				SWIFT_OPTIMIZATION_LEVEL = "-O";
				VALIDATE_PRODUCT = YES;
			};
			name = Release;
		};
		4813DE2B2BF2802900800CCD /* Debug */ = {
			isa = XCBuildConfiguration;
			baseConfigurationReference = DC9CB1FB3EE91488279642ED /* Pods-YetAnotherWeather.debug.xcconfig */;
			buildSettings = {
				ASSETCATALOG_COMPILER_APPICON_NAME = AppIcon;
				ASSETCATALOG_COMPILER_GLOBAL_ACCENT_COLOR_NAME = AccentColor;
				CODE_SIGN_STYLE = Automatic;
				CURRENT_PROJECT_VERSION = 1;
				DEVELOPMENT_TEAM = XE7XG94NL5;
				GENERATE_INFOPLIST_FILE = YES;
				INFOPLIST_FILE = YetAnotherWeather/Info.plist;
				INFOPLIST_KEY_LSApplicationCategoryType = "public.app-category.weather";
				INFOPLIST_KEY_UIApplicationSupportsIndirectInputEvents = YES;
				INFOPLIST_KEY_UILaunchStoryboardName = LaunchScreen;
				INFOPLIST_KEY_UISupportedInterfaceOrientations = UIInterfaceOrientationPortrait;
				INFOPLIST_KEY_UISupportedInterfaceOrientations_iPad = "UIInterfaceOrientationLandscapeLeft UIInterfaceOrientationLandscapeRight UIInterfaceOrientationPortrait UIInterfaceOrientationPortraitUpsideDown";
				IPHONEOS_DEPLOYMENT_TARGET = 15.0;
				LD_RUNPATH_SEARCH_PATHS = (
					"$(inherited)",
					"@executable_path/Frameworks",
				);
				MARKETING_VERSION = 1.0;
				PRODUCT_BUNDLE_IDENTIFIER = com.igrebeniuk.YetAnotherWeather;
				PRODUCT_NAME = "$(TARGET_NAME)";
				SUPPORTED_PLATFORMS = "iphoneos iphonesimulator";
				SUPPORTS_MACCATALYST = NO;
				SUPPORTS_MAC_DESIGNED_FOR_IPHONE_IPAD = NO;
				SWIFT_EMIT_LOC_STRINGS = YES;
				SWIFT_VERSION = 5.0;
				TARGETED_DEVICE_FAMILY = 1;
			};
			name = Debug;
		};
		4813DE2C2BF2802900800CCD /* Release */ = {
			isa = XCBuildConfiguration;
			baseConfigurationReference = BC3E558F7C4C055B6E3877E3 /* Pods-YetAnotherWeather.release.xcconfig */;
			buildSettings = {
				ASSETCATALOG_COMPILER_APPICON_NAME = AppIcon;
				ASSETCATALOG_COMPILER_GLOBAL_ACCENT_COLOR_NAME = AccentColor;
				CODE_SIGN_STYLE = Automatic;
				CURRENT_PROJECT_VERSION = 1;
				DEVELOPMENT_TEAM = XE7XG94NL5;
				GENERATE_INFOPLIST_FILE = YES;
				INFOPLIST_FILE = YetAnotherWeather/Info.plist;
				INFOPLIST_KEY_LSApplicationCategoryType = "public.app-category.weather";
				INFOPLIST_KEY_UIApplicationSupportsIndirectInputEvents = YES;
				INFOPLIST_KEY_UILaunchStoryboardName = LaunchScreen;
				INFOPLIST_KEY_UISupportedInterfaceOrientations = UIInterfaceOrientationPortrait;
				INFOPLIST_KEY_UISupportedInterfaceOrientations_iPad = "UIInterfaceOrientationLandscapeLeft UIInterfaceOrientationLandscapeRight UIInterfaceOrientationPortrait UIInterfaceOrientationPortraitUpsideDown";
				IPHONEOS_DEPLOYMENT_TARGET = 15.0;
				LD_RUNPATH_SEARCH_PATHS = (
					"$(inherited)",
					"@executable_path/Frameworks",
				);
				MARKETING_VERSION = 1.0;
				PRODUCT_BUNDLE_IDENTIFIER = com.igrebeniuk.YetAnotherWeather;
				PRODUCT_NAME = "$(TARGET_NAME)";
				SUPPORTED_PLATFORMS = "iphoneos iphonesimulator";
				SUPPORTS_MACCATALYST = NO;
				SUPPORTS_MAC_DESIGNED_FOR_IPHONE_IPAD = NO;
				SWIFT_EMIT_LOC_STRINGS = YES;
				SWIFT_VERSION = 5.0;
				TARGETED_DEVICE_FAMILY = 1;
			};
			name = Release;
		};
/* End XCBuildConfiguration section */

/* Begin XCConfigurationList section */
		4813DE112BF2802300800CCD /* Build configuration list for PBXProject "YetAnotherWeather" */ = {
			isa = XCConfigurationList;
			buildConfigurations = (
				4813DE282BF2802900800CCD /* Debug */,
				4813DE292BF2802900800CCD /* Release */,
			);
			defaultConfigurationIsVisible = 0;
			defaultConfigurationName = Release;
		};
		4813DE2A2BF2802900800CCD /* Build configuration list for PBXNativeTarget "YetAnotherWeather" */ = {
			isa = XCConfigurationList;
			buildConfigurations = (
				4813DE2B2BF2802900800CCD /* Debug */,
				4813DE2C2BF2802900800CCD /* Release */,
			);
			defaultConfigurationIsVisible = 0;
			defaultConfigurationName = Release;
		};
/* End XCConfigurationList section */
	};
	rootObject = 4813DE0E2BF2802300800CCD /* Project object */;
}
