// !$*UTF8*$!
{
	archiveVersion = 1;
	classes = {
	};
	objectVersion = 56;
	objects = {

/* Begin PBXBuildFile section */
		0DEC60B60139BB1455D99AE2 /* Pods_YetAnotherWeather.framework in Frameworks */ = {isa = PBXBuildFile; fileRef = 0514F7AC21955F3E87FF1317 /* Pods_YetAnotherWeather.framework */; };
		4813DE1A2BF2802300800CCD /* AppDelegate.swift in Sources */ = {isa = PBXBuildFile; fileRef = 4813DE192BF2802300800CCD /* AppDelegate.swift */; };
		4813DE232BF2802800800CCD /* Assets.xcassets in Resources */ = {isa = PBXBuildFile; fileRef = 4813DE222BF2802800800CCD /* Assets.xcassets */; };
		4813DE262BF2802800800CCD /* LaunchScreen.storyboard in Resources */ = {isa = PBXBuildFile; fileRef = 4813DE242BF2802800800CCD /* LaunchScreen.storyboard */; };
		48C9DBB82BFA7BF900001A57 /* CurrentWeatherListFlowCoordinator.swift in Sources */ = {isa = PBXBuildFile; fileRef = 48C9DBB72BFA7BF900001A57 /* CurrentWeatherListFlowCoordinator.swift */; };
		48C9DBBB2BFA7C1900001A57 /* AppCoordinator.swift in Sources */ = {isa = PBXBuildFile; fileRef = 48C9DBBA2BFA7C1900001A57 /* AppCoordinator.swift */; };
		E20C58552CF70BF500DAFBA2 /* BeaufortScale.swift in Sources */ = {isa = PBXBuildFile; fileRef = E20C58542CF70BF500DAFBA2 /* BeaufortScale.swift */; };
		E20DD1FA2C59169C009A4C1F /* WeatherDetailsAssembly.swift in Sources */ = {isa = PBXBuildFile; fileRef = E20DD1F92C59169C009A4C1F /* WeatherDetailsAssembly.swift */; };
		E20DD1FC2C5916B0009A4C1F /* WeatherDetailsPresenter.swift in Sources */ = {isa = PBXBuildFile; fileRef = E20DD1FB2C5916B0009A4C1F /* WeatherDetailsPresenter.swift */; };
		E20DD1FE2C5916F3009A4C1F /* WeatherDetailsViewController.swift in Sources */ = {isa = PBXBuildFile; fileRef = E20DD1FD2C5916F3009A4C1F /* WeatherDetailsViewController.swift */; };
		E20DD2002C5918CE009A4C1F /* WeatherDetailsViewModelFactory.swift in Sources */ = {isa = PBXBuildFile; fileRef = E20DD1FF2C5918CE009A4C1F /* WeatherDetailsViewModelFactory.swift */; };
		E20EB73B2D214F78005C023E /* EmptyStateView.swift in Sources */ = {isa = PBXBuildFile; fileRef = E20EB73A2D214F78005C023E /* EmptyStateView.swift */; };
		E20EB73D2D21C624005C023E /* SingleHourView.swift in Sources */ = {isa = PBXBuildFile; fileRef = E20EB73C2D21C620005C023E /* SingleHourView.swift */; };
		E20EB7412D231990005C023E /* HourlyForecastView.swift in Sources */ = {isa = PBXBuildFile; fileRef = E20EB7402D23197E005C023E /* HourlyForecastView.swift */; };
		E20EECF52C4AA12A00B48F16 /* SearchResulsAssembly.swift in Sources */ = {isa = PBXBuildFile; fileRef = E20EECF42C4AA12A00B48F16 /* SearchResulsAssembly.swift */; };
		E20EECF82C4AA14800B48F16 /* SearchResultCellView.swift in Sources */ = {isa = PBXBuildFile; fileRef = E20EECF72C4AA14800B48F16 /* SearchResultCellView.swift */; };
		E20EECFA2C4AA16200B48F16 /* SearchResultsPresenter.swift in Sources */ = {isa = PBXBuildFile; fileRef = E20EECF92C4AA16200B48F16 /* SearchResultsPresenter.swift */; };
		E20EECFC2C4AA17F00B48F16 /* SearchResultsViewController.swift in Sources */ = {isa = PBXBuildFile; fileRef = E20EECFB2C4AA17F00B48F16 /* SearchResultsViewController.swift */; };
		E22ECF842CBA878D0039AEC5 /* CurrentWeatherView.swift in Sources */ = {isa = PBXBuildFile; fileRef = E22ECF832CBA878D0039AEC5 /* CurrentWeatherView.swift */; };
		E23500382CCEB5A200456FA4 /* WeatherDetailsViewModel.swift in Sources */ = {isa = PBXBuildFile; fileRef = E23500372CCEB5A200456FA4 /* WeatherDetailsViewModel.swift */; };
		E235180A2CFC775E00C08F37 /* UIView+Wrapped.swift in Sources */ = {isa = PBXBuildFile; fileRef = E23518092CFC775E00C08F37 /* UIView+Wrapped.swift */; };
		E235BAD32CFB196000C08F37 /* BottomLineView.swift in Sources */ = {isa = PBXBuildFile; fileRef = E235BAD22CFB196000C08F37 /* BottomLineView.swift */; };
		E23D815F2CA5651100CCEEA7 /* SearchResultModel.swift in Sources */ = {isa = PBXBuildFile; fileRef = E23D815E2CA5651100CCEEA7 /* SearchResultModel.swift */; };
		E23D81612CA5652B00CCEEA7 /* SearchResultParser.swift in Sources */ = {isa = PBXBuildFile; fileRef = E23D81602CA5652B00CCEEA7 /* SearchResultParser.swift */; };
		E23D81632CA5654900CCEEA7 /* SerachResult+JSONParsable.swift in Sources */ = {isa = PBXBuildFile; fileRef = E23D81622CA5654900CCEEA7 /* SerachResult+JSONParsable.swift */; };
		E23D81662CA5657200CCEEA7 /* SearchLocationsService.swift in Sources */ = {isa = PBXBuildFile; fileRef = E23D81652CA5657200CCEEA7 /* SearchLocationsService.swift */; };
		E23D81682CA5684E00CCEEA7 /* WeatherDetailsFlowCoordinator.swift in Sources */ = {isa = PBXBuildFile; fileRef = E23D81672CA5684E00CCEEA7 /* WeatherDetailsFlowCoordinator.swift */; };
		E23DC60B2CA597A500CCEEA7 /* Module.swift in Sources */ = {isa = PBXBuildFile; fileRef = E23DC60A2CA597A500CCEEA7 /* Module.swift */; };
		E2419D222C0B744700342DA8 /* CurrentWeatherService.swift in Sources */ = {isa = PBXBuildFile; fileRef = E2419D212C0B744700342DA8 /* CurrentWeatherService.swift */; };
		E2419D252C0B772E00342DA8 /* CurrentWeatherCell.swift in Sources */ = {isa = PBXBuildFile; fileRef = E2419D242C0B772E00342DA8 /* CurrentWeatherCell.swift */; };
		E2419D282C0B77B100342DA8 /* ConfigurableView.swift in Sources */ = {isa = PBXBuildFile; fileRef = E2419D272C0B77B100342DA8 /* ConfigurableView.swift */; };
		E250B1862CE89EFF005EDAE6 /* SingleDayForecastView.swift in Sources */ = {isa = PBXBuildFile; fileRef = E250B1852CE89EFF005EDAE6 /* SingleDayForecastView.swift */; };
		E250B1892CEA621C005EDAE6 /* CustomDateFormatter.swift in Sources */ = {isa = PBXBuildFile; fileRef = E250B1882CEA621C005EDAE6 /* CustomDateFormatter.swift */; };
		E25558152CEC8A8F0002F056 /* ForecastView.swift in Sources */ = {isa = PBXBuildFile; fileRef = E25558142CEC8A8F0002F056 /* ForecastView.swift */; };
		E2556D2F2CF24B090002F056 /* WindParser.swift in Sources */ = {isa = PBXBuildFile; fileRef = E2556D2E2CF24B090002F056 /* WindParser.swift */; };
		E2556D312CF24B160002F056 /* LocationParser.swift in Sources */ = {isa = PBXBuildFile; fileRef = E2556D302CF24B160002F056 /* LocationParser.swift */; };
		E2556D342CF2537F0002F056 /* WindView.swift in Sources */ = {isa = PBXBuildFile; fileRef = E2556D332CF2537F0002F056 /* WindView.swift */; };
		E2556D362CF2569D0002F056 /* WindParametersView.swift in Sources */ = {isa = PBXBuildFile; fileRef = E2556D352CF2569D0002F056 /* WindParametersView.swift */; };
		E261209B2D018E4D00FEAA03 /* CurrentWeatherCellViewModelFactory.swift in Sources */ = {isa = PBXBuildFile; fileRef = E261209A2D018E4D00FEAA03 /* CurrentWeatherCellViewModelFactory.swift */; };
		E26CA8912BF2948A00F01EC9 /* CurrentWeatherListViewController.swift in Sources */ = {isa = PBXBuildFile; fileRef = E26CA8902BF2948A00F01EC9 /* CurrentWeatherListViewController.swift */; };
		E26CA8942BF2950100F01EC9 /* CurrentWeatherListPresenter.swift in Sources */ = {isa = PBXBuildFile; fileRef = E26CA8932BF2950100F01EC9 /* CurrentWeatherListPresenter.swift */; };
		E26CA8972BF2953000F01EC9 /* CurrentWeatherListAssembly.swift in Sources */ = {isa = PBXBuildFile; fileRef = E26CA8962BF2953000F01EC9 /* CurrentWeatherListAssembly.swift */; };
		E2717F342D105B870020D40A /* CurrentWeatherCellType.swift in Sources */ = {isa = PBXBuildFile; fileRef = E2717F332D105B870020D40A /* CurrentWeatherCellType.swift */; };
		E280DAFB2C31740F00D683CD /* IJSONParser.swift in Sources */ = {isa = PBXBuildFile; fileRef = E280DAFA2C31740F00D683CD /* IJSONParser.swift */; };
		E280DAFD2C31750F00D683CD /* CurrentWeatherParser.swift in Sources */ = {isa = PBXBuildFile; fileRef = E280DAFC2C31750F00D683CD /* CurrentWeatherParser.swift */; };
		E298BCAC2D16DAB80049D88C /* FeedbackGeneratorService.swift in Sources */ = {isa = PBXBuildFile; fileRef = E298BCAB2D16DAB80049D88C /* FeedbackGeneratorService.swift */; };
		E2AD19592C19A7E20038F6FC /* CurrentWeatherModel.swift in Sources */ = {isa = PBXBuildFile; fileRef = E2AD19582C19A7E20038F6FC /* CurrentWeatherModel.swift */; };
		E2AD339E2C1479DD0038F6FC /* URLRequestFactory.swift in Sources */ = {isa = PBXBuildFile; fileRef = E2AD339D2C1479DD0038F6FC /* URLRequestFactory.swift */; };
		E2AD33A02C1479F00038F6FC /* IURLRequestFactory.swift in Sources */ = {isa = PBXBuildFile; fileRef = E2AD339F2C1479F00038F6FC /* IURLRequestFactory.swift */; };
		E2AD33A22C147C080038F6FC /* APIConstants.swift in Sources */ = {isa = PBXBuildFile; fileRef = E2AD33A12C147C080038F6FC /* APIConstants.swift */; };
		E2AD33A62C1622DF0038F6FC /* NetworkRequestError.swift in Sources */ = {isa = PBXBuildFile; fileRef = E2AD33A52C1622DF0038F6FC /* NetworkRequestError.swift */; };
		E2ADA3262C19AF140038F6FC /* JSONParsable.swift in Sources */ = {isa = PBXBuildFile; fileRef = E2ADA3252C19AF140038F6FC /* JSONParsable.swift */; };
		E2ADD4AC2C1777480038F6FC /* NetworkService.swift in Sources */ = {isa = PBXBuildFile; fileRef = E2ADD4AB2C1777480038F6FC /* NetworkService.swift */; };
		E2B07A9C2C662E0500954A85 /* AppAssembly.swift in Sources */ = {isa = PBXBuildFile; fileRef = E2B07A9B2C662E0500954A85 /* AppAssembly.swift */; };
		E2D1AE5F2CA29A6E00008AD6 /* ForecastModel.swift in Sources */ = {isa = PBXBuildFile; fileRef = E2D1AE5E2CA29A6E00008AD6 /* ForecastModel.swift */; };
		E2D1AE612CA29ABB00008AD6 /* ForecastParser.swift in Sources */ = {isa = PBXBuildFile; fileRef = E2D1AE602CA29ABB00008AD6 /* ForecastParser.swift */; };
		E2D1AE632CA29B0800008AD6 /* ForecastService.swift in Sources */ = {isa = PBXBuildFile; fileRef = E2D1AE622CA29B0800008AD6 /* ForecastService.swift */; };
		E2D1AE652CA29BA700008AD6 /* ConditionModel.swift in Sources */ = {isa = PBXBuildFile; fileRef = E2D1AE642CA29BA700008AD6 /* ConditionModel.swift */; };
		E2E926942CFDF9A400DFB00C /* BeaufortScaleResolver.swift in Sources */ = {isa = PBXBuildFile; fileRef = E2E926932CFDF9A400DFB00C /* BeaufortScaleResolver.swift */; };
		E2E9EF382CFF4DC200DFB00C /* WidgetHeaderView.swift in Sources */ = {isa = PBXBuildFile; fileRef = E2E9EF372CFF4DC200DFB00C /* WidgetHeaderView.swift */; };
		E2F692D72CE0A7A500B57BB6 /* AlertMessageViewModelFactory.swift in Sources */ = {isa = PBXBuildFile; fileRef = E2F692D62CE0A7A500B57BB6 /* AlertMessageViewModelFactory.swift */; };
		E2F692DA2CE0AC4E00B57BB6 /* UIAlertController+Alert.swift in Sources */ = {isa = PBXBuildFile; fileRef = E2F692D92CE0AC4E00B57BB6 /* UIAlertController+Alert.swift */; };
		E2F692DC2CE0AE7900B57BB6 /* SingleButtonAlertViewModel.swift in Sources */ = {isa = PBXBuildFile; fileRef = E2F692DB2CE0AE7900B57BB6 /* SingleButtonAlertViewModel.swift */; };
/* End PBXBuildFile section */

/* Begin PBXFileReference section */
		0514F7AC21955F3E87FF1317 /* Pods_YetAnotherWeather.framework */ = {isa = PBXFileReference; explicitFileType = wrapper.framework; includeInIndex = 0; path = Pods_YetAnotherWeather.framework; sourceTree = BUILT_PRODUCTS_DIR; };
		4813DE162BF2802300800CCD /* YetAnotherWeather.app */ = {isa = PBXFileReference; explicitFileType = wrapper.application; includeInIndex = 0; path = YetAnotherWeather.app; sourceTree = BUILT_PRODUCTS_DIR; };
		4813DE192BF2802300800CCD /* AppDelegate.swift */ = {isa = PBXFileReference; lastKnownFileType = sourcecode.swift; path = AppDelegate.swift; sourceTree = "<group>"; };
		4813DE222BF2802800800CCD /* Assets.xcassets */ = {isa = PBXFileReference; lastKnownFileType = folder.assetcatalog; path = Assets.xcassets; sourceTree = "<group>"; };
		4813DE252BF2802800800CCD /* Base */ = {isa = PBXFileReference; lastKnownFileType = file.storyboard; name = Base; path = Base.lproj/LaunchScreen.storyboard; sourceTree = "<group>"; };
		4813DE272BF2802900800CCD /* Info.plist */ = {isa = PBXFileReference; lastKnownFileType = text.plist.xml; path = Info.plist; sourceTree = "<group>"; };
		48C9DBB72BFA7BF900001A57 /* CurrentWeatherListFlowCoordinator.swift */ = {isa = PBXFileReference; lastKnownFileType = sourcecode.swift; path = CurrentWeatherListFlowCoordinator.swift; sourceTree = "<group>"; };
		48C9DBBA2BFA7C1900001A57 /* AppCoordinator.swift */ = {isa = PBXFileReference; lastKnownFileType = sourcecode.swift; path = AppCoordinator.swift; sourceTree = "<group>"; };
		BC3E558F7C4C055B6E3877E3 /* Pods-YetAnotherWeather.release.xcconfig */ = {isa = PBXFileReference; includeInIndex = 1; lastKnownFileType = text.xcconfig; name = "Pods-YetAnotherWeather.release.xcconfig"; path = "Target Support Files/Pods-YetAnotherWeather/Pods-YetAnotherWeather.release.xcconfig"; sourceTree = "<group>"; };
		DC9CB1FB3EE91488279642ED /* Pods-YetAnotherWeather.debug.xcconfig */ = {isa = PBXFileReference; includeInIndex = 1; lastKnownFileType = text.xcconfig; name = "Pods-YetAnotherWeather.debug.xcconfig"; path = "Target Support Files/Pods-YetAnotherWeather/Pods-YetAnotherWeather.debug.xcconfig"; sourceTree = "<group>"; };
		E20C58542CF70BF500DAFBA2 /* BeaufortScale.swift */ = {isa = PBXFileReference; lastKnownFileType = sourcecode.swift; path = BeaufortScale.swift; sourceTree = "<group>"; };
		E20DD1F92C59169C009A4C1F /* WeatherDetailsAssembly.swift */ = {isa = PBXFileReference; lastKnownFileType = sourcecode.swift; path = WeatherDetailsAssembly.swift; sourceTree = "<group>"; };
		E20DD1FB2C5916B0009A4C1F /* WeatherDetailsPresenter.swift */ = {isa = PBXFileReference; lastKnownFileType = sourcecode.swift; path = WeatherDetailsPresenter.swift; sourceTree = "<group>"; };
		E20DD1FD2C5916F3009A4C1F /* WeatherDetailsViewController.swift */ = {isa = PBXFileReference; lastKnownFileType = sourcecode.swift; path = WeatherDetailsViewController.swift; sourceTree = "<group>"; };
		E20DD1FF2C5918CE009A4C1F /* WeatherDetailsViewModelFactory.swift */ = {isa = PBXFileReference; lastKnownFileType = sourcecode.swift; path = WeatherDetailsViewModelFactory.swift; sourceTree = "<group>"; };
		E20EB73A2D214F78005C023E /* EmptyStateView.swift */ = {isa = PBXFileReference; lastKnownFileType = sourcecode.swift; path = EmptyStateView.swift; sourceTree = "<group>"; };
		E20EB73C2D21C620005C023E /* SingleHourView.swift */ = {isa = PBXFileReference; lastKnownFileType = sourcecode.swift; path = SingleHourView.swift; sourceTree = "<group>"; };
		E20EB7402D23197E005C023E /* HourlyForecastView.swift */ = {isa = PBXFileReference; lastKnownFileType = sourcecode.swift; path = HourlyForecastView.swift; sourceTree = "<group>"; };
		E20EECF42C4AA12A00B48F16 /* SearchResulsAssembly.swift */ = {isa = PBXFileReference; lastKnownFileType = sourcecode.swift; path = SearchResulsAssembly.swift; sourceTree = "<group>"; };
		E20EECF72C4AA14800B48F16 /* SearchResultCellView.swift */ = {isa = PBXFileReference; lastKnownFileType = sourcecode.swift; path = SearchResultCellView.swift; sourceTree = "<group>"; };
		E20EECF92C4AA16200B48F16 /* SearchResultsPresenter.swift */ = {isa = PBXFileReference; lastKnownFileType = sourcecode.swift; path = SearchResultsPresenter.swift; sourceTree = "<group>"; };
		E20EECFB2C4AA17F00B48F16 /* SearchResultsViewController.swift */ = {isa = PBXFileReference; lastKnownFileType = sourcecode.swift; path = SearchResultsViewController.swift; sourceTree = "<group>"; };
		E22ECF832CBA878D0039AEC5 /* CurrentWeatherView.swift */ = {isa = PBXFileReference; lastKnownFileType = sourcecode.swift; path = CurrentWeatherView.swift; sourceTree = "<group>"; };
		E23500372CCEB5A200456FA4 /* WeatherDetailsViewModel.swift */ = {isa = PBXFileReference; lastKnownFileType = sourcecode.swift; path = WeatherDetailsViewModel.swift; sourceTree = "<group>"; };
		E23518092CFC775E00C08F37 /* UIView+Wrapped.swift */ = {isa = PBXFileReference; lastKnownFileType = sourcecode.swift; path = "UIView+Wrapped.swift"; sourceTree = "<group>"; };
		E235BAD22CFB196000C08F37 /* BottomLineView.swift */ = {isa = PBXFileReference; lastKnownFileType = sourcecode.swift; path = BottomLineView.swift; sourceTree = "<group>"; };
		E23D815E2CA5651100CCEEA7 /* SearchResultModel.swift */ = {isa = PBXFileReference; lastKnownFileType = sourcecode.swift; path = SearchResultModel.swift; sourceTree = "<group>"; };
		E23D81602CA5652B00CCEEA7 /* SearchResultParser.swift */ = {isa = PBXFileReference; lastKnownFileType = sourcecode.swift; path = SearchResultParser.swift; sourceTree = "<group>"; };
		E23D81622CA5654900CCEEA7 /* SerachResult+JSONParsable.swift */ = {isa = PBXFileReference; lastKnownFileType = sourcecode.swift; path = "SerachResult+JSONParsable.swift"; sourceTree = "<group>"; };
		E23D81652CA5657200CCEEA7 /* SearchLocationsService.swift */ = {isa = PBXFileReference; lastKnownFileType = sourcecode.swift; path = SearchLocationsService.swift; sourceTree = "<group>"; };
		E23D81672CA5684E00CCEEA7 /* WeatherDetailsFlowCoordinator.swift */ = {isa = PBXFileReference; lastKnownFileType = sourcecode.swift; path = WeatherDetailsFlowCoordinator.swift; sourceTree = "<group>"; };
		E23DC60A2CA597A500CCEEA7 /* Module.swift */ = {isa = PBXFileReference; lastKnownFileType = sourcecode.swift; path = Module.swift; sourceTree = "<group>"; };
		E2419D212C0B744700342DA8 /* CurrentWeatherService.swift */ = {isa = PBXFileReference; lastKnownFileType = sourcecode.swift; path = CurrentWeatherService.swift; sourceTree = "<group>"; };
		E2419D242C0B772E00342DA8 /* CurrentWeatherCell.swift */ = {isa = PBXFileReference; lastKnownFileType = sourcecode.swift; path = CurrentWeatherCell.swift; sourceTree = "<group>"; };
		E2419D272C0B77B100342DA8 /* ConfigurableView.swift */ = {isa = PBXFileReference; lastKnownFileType = sourcecode.swift; path = ConfigurableView.swift; sourceTree = "<group>"; };
		E250B1852CE89EFF005EDAE6 /* SingleDayForecastView.swift */ = {isa = PBXFileReference; lastKnownFileType = sourcecode.swift; path = SingleDayForecastView.swift; sourceTree = "<group>"; };
		E250B1882CEA621C005EDAE6 /* CustomDateFormatter.swift */ = {isa = PBXFileReference; lastKnownFileType = sourcecode.swift; path = CustomDateFormatter.swift; sourceTree = "<group>"; };
		E25558142CEC8A8F0002F056 /* ForecastView.swift */ = {isa = PBXFileReference; lastKnownFileType = sourcecode.swift; path = ForecastView.swift; sourceTree = "<group>"; };
		E2556D2E2CF24B090002F056 /* WindParser.swift */ = {isa = PBXFileReference; lastKnownFileType = sourcecode.swift; path = WindParser.swift; sourceTree = "<group>"; };
		E2556D302CF24B160002F056 /* LocationParser.swift */ = {isa = PBXFileReference; lastKnownFileType = sourcecode.swift; path = LocationParser.swift; sourceTree = "<group>"; };
		E2556D332CF2537F0002F056 /* WindView.swift */ = {isa = PBXFileReference; lastKnownFileType = sourcecode.swift; path = WindView.swift; sourceTree = "<group>"; };
		E2556D352CF2569D0002F056 /* WindParametersView.swift */ = {isa = PBXFileReference; lastKnownFileType = sourcecode.swift; path = WindParametersView.swift; sourceTree = "<group>"; };
		E261209A2D018E4D00FEAA03 /* CurrentWeatherCellViewModelFactory.swift */ = {isa = PBXFileReference; lastKnownFileType = sourcecode.swift; path = CurrentWeatherCellViewModelFactory.swift; sourceTree = "<group>"; };
		E26CA8902BF2948A00F01EC9 /* CurrentWeatherListViewController.swift */ = {isa = PBXFileReference; lastKnownFileType = sourcecode.swift; path = CurrentWeatherListViewController.swift; sourceTree = "<group>"; };
		E26CA8932BF2950100F01EC9 /* CurrentWeatherListPresenter.swift */ = {isa = PBXFileReference; lastKnownFileType = sourcecode.swift; path = CurrentWeatherListPresenter.swift; sourceTree = "<group>"; };
		E26CA8962BF2953000F01EC9 /* CurrentWeatherListAssembly.swift */ = {isa = PBXFileReference; lastKnownFileType = sourcecode.swift; path = CurrentWeatherListAssembly.swift; sourceTree = "<group>"; };
		E2717F332D105B870020D40A /* CurrentWeatherCellType.swift */ = {isa = PBXFileReference; lastKnownFileType = sourcecode.swift; path = CurrentWeatherCellType.swift; sourceTree = "<group>"; };
		E280DAFA2C31740F00D683CD /* IJSONParser.swift */ = {isa = PBXFileReference; lastKnownFileType = sourcecode.swift; path = IJSONParser.swift; sourceTree = "<group>"; };
		E280DAFC2C31750F00D683CD /* CurrentWeatherParser.swift */ = {isa = PBXFileReference; lastKnownFileType = sourcecode.swift; path = CurrentWeatherParser.swift; sourceTree = "<group>"; };
		E298BCAB2D16DAB80049D88C /* FeedbackGeneratorService.swift */ = {isa = PBXFileReference; lastKnownFileType = sourcecode.swift; path = FeedbackGeneratorService.swift; sourceTree = "<group>"; };
		E2AD19582C19A7E20038F6FC /* CurrentWeatherModel.swift */ = {isa = PBXFileReference; lastKnownFileType = sourcecode.swift; path = CurrentWeatherModel.swift; sourceTree = "<group>"; };
		E2AD339D2C1479DD0038F6FC /* URLRequestFactory.swift */ = {isa = PBXFileReference; lastKnownFileType = sourcecode.swift; path = URLRequestFactory.swift; sourceTree = "<group>"; };
		E2AD339F2C1479F00038F6FC /* IURLRequestFactory.swift */ = {isa = PBXFileReference; lastKnownFileType = sourcecode.swift; path = IURLRequestFactory.swift; sourceTree = "<group>"; };
		E2AD33A12C147C080038F6FC /* APIConstants.swift */ = {isa = PBXFileReference; lastKnownFileType = sourcecode.swift; path = APIConstants.swift; sourceTree = "<group>"; };
		E2AD33A52C1622DF0038F6FC /* NetworkRequestError.swift */ = {isa = PBXFileReference; lastKnownFileType = sourcecode.swift; path = NetworkRequestError.swift; sourceTree = "<group>"; };
		E2ADA3252C19AF140038F6FC /* JSONParsable.swift */ = {isa = PBXFileReference; lastKnownFileType = sourcecode.swift; path = JSONParsable.swift; sourceTree = "<group>"; };
		E2ADD4AB2C1777480038F6FC /* NetworkService.swift */ = {isa = PBXFileReference; lastKnownFileType = sourcecode.swift; path = NetworkService.swift; sourceTree = "<group>"; };
		E2B07A9B2C662E0500954A85 /* AppAssembly.swift */ = {isa = PBXFileReference; lastKnownFileType = sourcecode.swift; path = AppAssembly.swift; sourceTree = "<group>"; };
		E2D1AE5E2CA29A6E00008AD6 /* ForecastModel.swift */ = {isa = PBXFileReference; lastKnownFileType = sourcecode.swift; path = ForecastModel.swift; sourceTree = "<group>"; };
		E2D1AE602CA29ABB00008AD6 /* ForecastParser.swift */ = {isa = PBXFileReference; lastKnownFileType = sourcecode.swift; path = ForecastParser.swift; sourceTree = "<group>"; };
		E2D1AE622CA29B0800008AD6 /* ForecastService.swift */ = {isa = PBXFileReference; lastKnownFileType = sourcecode.swift; path = ForecastService.swift; sourceTree = "<group>"; };
		E2D1AE642CA29BA700008AD6 /* ConditionModel.swift */ = {isa = PBXFileReference; lastKnownFileType = sourcecode.swift; path = ConditionModel.swift; sourceTree = "<group>"; };
		E2E926932CFDF9A400DFB00C /* BeaufortScaleResolver.swift */ = {isa = PBXFileReference; lastKnownFileType = sourcecode.swift; path = BeaufortScaleResolver.swift; sourceTree = "<group>"; };
		E2E9EF372CFF4DC200DFB00C /* WidgetHeaderView.swift */ = {isa = PBXFileReference; lastKnownFileType = sourcecode.swift; path = WidgetHeaderView.swift; sourceTree = "<group>"; };
		E2F692D62CE0A7A500B57BB6 /* AlertMessageViewModelFactory.swift */ = {isa = PBXFileReference; lastKnownFileType = sourcecode.swift; path = AlertMessageViewModelFactory.swift; sourceTree = "<group>"; };
		E2F692D92CE0AC4E00B57BB6 /* UIAlertController+Alert.swift */ = {isa = PBXFileReference; lastKnownFileType = sourcecode.swift; path = "UIAlertController+Alert.swift"; sourceTree = "<group>"; };
		E2F692DB2CE0AE7900B57BB6 /* SingleButtonAlertViewModel.swift */ = {isa = PBXFileReference; lastKnownFileType = sourcecode.swift; path = SingleButtonAlertViewModel.swift; sourceTree = "<group>"; };
/* End PBXFileReference section */

/* Begin PBXFrameworksBuildPhase section */
		4813DE132BF2802300800CCD /* Frameworks */ = {
			isa = PBXFrameworksBuildPhase;
			buildActionMask = 2147483647;
			files = (
				0DEC60B60139BB1455D99AE2 /* Pods_YetAnotherWeather.framework in Frameworks */,
			);
			runOnlyForDeploymentPostprocessing = 0;
		};
/* End PBXFrameworksBuildPhase section */

/* Begin PBXGroup section */
		2D9118FD3A5129EB24B6EFCA /* Frameworks */ = {
			isa = PBXGroup;
			children = (
				0514F7AC21955F3E87FF1317 /* Pods_YetAnotherWeather.framework */,
			);
			name = Frameworks;
			sourceTree = "<group>";
		};
		4813DE0D2BF2802300800CCD = {
			isa = PBXGroup;
			children = (
				4813DE182BF2802300800CCD /* YetAnotherWeather */,
				4813DE172BF2802300800CCD /* Products */,
				D6C4C4C33A8B34819B51D126 /* Pods */,
				2D9118FD3A5129EB24B6EFCA /* Frameworks */,
			);
			sourceTree = "<group>";
		};
		4813DE172BF2802300800CCD /* Products */ = {
			isa = PBXGroup;
			children = (
				4813DE162BF2802300800CCD /* YetAnotherWeather.app */,
			);
			name = Products;
			sourceTree = "<group>";
		};
		4813DE182BF2802300800CCD /* YetAnotherWeather */ = {
			isa = PBXGroup;
			children = (
				E23DC6082CA5977D00CCEEA7 /* Common */,
				48C9DBB92BFA7C0400001A57 /* AppCoordinator */,
				E2ADA3272C19B51A0038F6FC /* AppAssemby */,
				E26CA88E2BF2946400F01EC9 /* UserStories */,
				E2AD339A2C1479760038F6FC /* CoreLayer */,
				4813DE192BF2802300800CCD /* AppDelegate.swift */,
				4813DE222BF2802800800CCD /* Assets.xcassets */,
				4813DE242BF2802800800CCD /* LaunchScreen.storyboard */,
				4813DE272BF2802900800CCD /* Info.plist */,
			);
			path = YetAnotherWeather;
			sourceTree = "<group>";
		};
		48C9DBB92BFA7C0400001A57 /* AppCoordinator */ = {
			isa = PBXGroup;
			children = (
				48C9DBBA2BFA7C1900001A57 /* AppCoordinator.swift */,
			);
			path = AppCoordinator;
			sourceTree = "<group>";
		};
		D6C4C4C33A8B34819B51D126 /* Pods */ = {
			isa = PBXGroup;
			children = (
				DC9CB1FB3EE91488279642ED /* Pods-YetAnotherWeather.debug.xcconfig */,
				BC3E558F7C4C055B6E3877E3 /* Pods-YetAnotherWeather.release.xcconfig */,
			);
			path = Pods;
			sourceTree = "<group>";
		};
		E20DD1F02C58F34F009A4C1F /* WeatherDetails */ = {
			isa = PBXGroup;
			children = (
				E2F6E0972CE235F200B57BB6 /* Flow */,
				E20DD1F92C59169C009A4C1F /* WeatherDetailsAssembly.swift */,
				E20DD1FB2C5916B0009A4C1F /* WeatherDetailsPresenter.swift */,
				E20DD1FD2C5916F3009A4C1F /* WeatherDetailsViewController.swift */,
				E20DD1FF2C5918CE009A4C1F /* WeatherDetailsViewModelFactory.swift */,
				E23500362CCEB58400456FA4 /* Models */,
				E20DD2012C5918D3009A4C1F /* Views */,
			);
			path = WeatherDetails;
			sourceTree = "<group>";
		};
		E20DD1F22C58F36D009A4C1F /* ForecastService */ = {
			isa = PBXGroup;
			children = (
				E20DD1F42C58F39E009A4C1F /* Service */,
				E20DD1F32C58F392009A4C1F /* Models */,
			);
			path = ForecastService;
			sourceTree = "<group>";
		};
		E20DD1F32C58F392009A4C1F /* Models */ = {
			isa = PBXGroup;
			children = (
				E2D1AE5E2CA29A6E00008AD6 /* ForecastModel.swift */,
				E2D1AE602CA29ABB00008AD6 /* ForecastParser.swift */,
			);
			path = Models;
			sourceTree = "<group>";
		};
		E20DD1F42C58F39E009A4C1F /* Service */ = {
			isa = PBXGroup;
			children = (
				E2D1AE622CA29B0800008AD6 /* ForecastService.swift */,
			);
			path = Service;
			sourceTree = "<group>";
		};
		E20DD2012C5918D3009A4C1F /* Views */ = {
			isa = PBXGroup;
			children = (
				E20EB7402D23197E005C023E /* HourlyForecastView.swift */,
				E20EB73C2D21C620005C023E /* SingleHourView.swift */,
				E22ECF832CBA878D0039AEC5 /* CurrentWeatherView.swift */,
				E250B1852CE89EFF005EDAE6 /* SingleDayForecastView.swift */,
				E25558142CEC8A8F0002F056 /* ForecastView.swift */,
				E2556D332CF2537F0002F056 /* WindView.swift */,
				E2556D352CF2569D0002F056 /* WindParametersView.swift */,
				E235BAD22CFB196000C08F37 /* BottomLineView.swift */,
				E2E9EF372CFF4DC200DFB00C /* WidgetHeaderView.swift */,
			);
			path = Views;
			sourceTree = "<group>";
		};
		E20EECF62C4AA13E00B48F16 /* Views */ = {
			isa = PBXGroup;
			children = (
				E20EECF72C4AA14800B48F16 /* SearchResultCellView.swift */,
			);
			path = Views;
			sourceTree = "<group>";
		};
		E23500362CCEB58400456FA4 /* Models */ = {
			isa = PBXGroup;
			children = (
				E23500372CCEB5A200456FA4 /* WeatherDetailsViewModel.swift */,
				E20C58542CF70BF500DAFBA2 /* BeaufortScale.swift */,
				E2E926932CFDF9A400DFB00C /* BeaufortScaleResolver.swift */,
			);
			path = Models;
			sourceTree = "<group>";
		};
		E23518082CFC76F100C08F37 /* UIVIew */ = {
			isa = PBXGroup;
			children = (
				E23518092CFC775E00C08F37 /* UIView+Wrapped.swift */,
			);
			path = UIVIew;
			sourceTree = "<group>";
		};
		E23D815B2CA5632600CCEEA7 /* Presentation */ = {
			isa = PBXGroup;
			children = (
				E2419D2A2C0B9F8B00342DA8 /* CurrentWeatherList */,
				E20DD1F02C58F34F009A4C1F /* WeatherDetails */,
			);
			path = Presentation;
			sourceTree = "<group>";
		};
		E23D815C2CA564E400CCEEA7 /* SearchLocationsService */ = {
			isa = PBXGroup;
			children = (
				E23D81642CA5656700CCEEA7 /* Service */,
				E23D815D2CA564EF00CCEEA7 /* Model */,
			);
			path = SearchLocationsService;
			sourceTree = "<group>";
		};
		E23D815D2CA564EF00CCEEA7 /* Model */ = {
			isa = PBXGroup;
			children = (
				E23D815E2CA5651100CCEEA7 /* SearchResultModel.swift */,
				E23D81602CA5652B00CCEEA7 /* SearchResultParser.swift */,
				E23D81622CA5654900CCEEA7 /* SerachResult+JSONParsable.swift */,
			);
			path = Model;
			sourceTree = "<group>";
		};
		E23D81642CA5656700CCEEA7 /* Service */ = {
			isa = PBXGroup;
			children = (
				E23D81652CA5657200CCEEA7 /* SearchLocationsService.swift */,
			);
			path = Service;
			sourceTree = "<group>";
		};
		E23DC6082CA5977D00CCEEA7 /* Common */ = {
			isa = PBXGroup;
			children = (
				E23518082CFC76F100C08F37 /* UIVIew */,
				E250B1872CEA6209005EDAE6 /* DateFormatter */,
				E2F692D82CE0AC0700B57BB6 /* Alerts */,
				E23DC6092CA5979100CCEEA7 /* Models */,
				E2419D262C0B779100342DA8 /* Protocols */,
			);
			path = Common;
			sourceTree = "<group>";
		};
		E23DC6092CA5979100CCEEA7 /* Models */ = {
			isa = PBXGroup;
			children = (
				E23DC60A2CA597A500CCEEA7 /* Module.swift */,
			);
			path = Models;
			sourceTree = "<group>";
		};
		E2419D1D2C0B73E200342DA8 /* CurrentWeatherService */ = {
			isa = PBXGroup;
			children = (
				E2AD19572C19A7C00038F6FC /* Models */,
				E2419D1E2C0B73EA00342DA8 /* Service */,
			);
			path = CurrentWeatherService;
			sourceTree = "<group>";
		};
		E2419D1E2C0B73EA00342DA8 /* Service */ = {
			isa = PBXGroup;
			children = (
				E2419D212C0B744700342DA8 /* CurrentWeatherService.swift */,
			);
			path = Service;
			sourceTree = "<group>";
		};
		E2419D232C0B76FB00342DA8 /* Views */ = {
			isa = PBXGroup;
			children = (
				E2419D242C0B772E00342DA8 /* CurrentWeatherCell.swift */,
				E20EB73A2D214F78005C023E /* EmptyStateView.swift */,
			);
			path = Views;
			sourceTree = "<group>";
		};
		E2419D262C0B779100342DA8 /* Protocols */ = {
			isa = PBXGroup;
			children = (
				E2419D272C0B77B100342DA8 /* ConfigurableView.swift */,
				E2ADA3252C19AF140038F6FC /* JSONParsable.swift */,
				E280DAFA2C31740F00D683CD /* IJSONParser.swift */,
			);
			path = Protocols;
			sourceTree = "<group>";
		};
		E2419D2A2C0B9F8B00342DA8 /* CurrentWeatherList */ = {
			isa = PBXGroup;
			children = (
				E26CA8962BF2953000F01EC9 /* CurrentWeatherListAssembly.swift */,
				E26CA8902BF2948A00F01EC9 /* CurrentWeatherListViewController.swift */,
				E26CA8932BF2950100F01EC9 /* CurrentWeatherListPresenter.swift */,
				E261209A2D018E4D00FEAA03 /* CurrentWeatherCellViewModelFactory.swift */,
				E2717F322D105B6F0020D40A /* Models */,
				E2F6E0982CE2360300B57BB6 /* Flow */,
				E2D18D8A2CA2DE3600008AD6 /* Submodules */,
				E2419D232C0B76FB00342DA8 /* Views */,
			);
			path = CurrentWeatherList;
			sourceTree = "<group>";
		};
		E2419D2B2C0BA04200342DA8 /* SearchResults */ = {
			isa = PBXGroup;
			children = (
				E20EECF42C4AA12A00B48F16 /* SearchResulsAssembly.swift */,
				E20EECF92C4AA16200B48F16 /* SearchResultsPresenter.swift */,
				E20EECFB2C4AA17F00B48F16 /* SearchResultsViewController.swift */,
				E20EECF62C4AA13E00B48F16 /* Views */,
			);
			path = SearchResults;
			sourceTree = "<group>";
		};
		E250B1872CEA6209005EDAE6 /* DateFormatter */ = {
			isa = PBXGroup;
			children = (
				E250B1882CEA621C005EDAE6 /* CustomDateFormatter.swift */,
			);
			path = DateFormatter;
			sourceTree = "<group>";
		};
		E2556D2D2CF24AF00002F056 /* Parsers */ = {
			isa = PBXGroup;
			children = (
				E280DAFC2C31750F00D683CD /* CurrentWeatherParser.swift */,
				E2556D2E2CF24B090002F056 /* WindParser.swift */,
				E2556D302CF24B160002F056 /* LocationParser.swift */,
			);
			path = Parsers;
			sourceTree = "<group>";
		};
		E26CA88E2BF2946400F01EC9 /* UserStories */ = {
			isa = PBXGroup;
			children = (
				E23D815B2CA5632600CCEEA7 /* Presentation */,
			);
			path = UserStories;
			sourceTree = "<group>";
		};
		E2717F322D105B6F0020D40A /* Models */ = {
			isa = PBXGroup;
			children = (
				E2717F332D105B870020D40A /* CurrentWeatherCellType.swift */,
			);
			path = Models;
			sourceTree = "<group>";
		};
		E298BCAA2D16DAA00049D88C /* FeedbackGeneratorService */ = {
			isa = PBXGroup;
			children = (
				E298BCAB2D16DAB80049D88C /* FeedbackGeneratorService.swift */,
			);
			path = FeedbackGeneratorService;
			sourceTree = "<group>";
		};
		E2AD19572C19A7C00038F6FC /* Models */ = {
			isa = PBXGroup;
			children = (
				E2556D2D2CF24AF00002F056 /* Parsers */,
				E2AD19582C19A7E20038F6FC /* CurrentWeatherModel.swift */,
				E2D1AE642CA29BA700008AD6 /* ConditionModel.swift */,
			);
			path = Models;
			sourceTree = "<group>";
		};
		E2AD339A2C1479760038F6FC /* CoreLayer */ = {
			isa = PBXGroup;
			children = (
				E2D18D892CA2DDC000008AD6 /* Services */,
				E2AD339B2C14797E0038F6FC /* Networking */,
			);
			path = CoreLayer;
			sourceTree = "<group>";
		};
		E2AD339B2C14797E0038F6FC /* Networking */ = {
			isa = PBXGroup;
			children = (
				E2ADD4A92C1776540038F6FC /* NetworkService */,
				E2AD339C2C1479860038F6FC /* URLRequestFactory */,
			);
			path = Networking;
			sourceTree = "<group>";
		};
		E2AD339C2C1479860038F6FC /* URLRequestFactory */ = {
			isa = PBXGroup;
			children = (
				E2AD339D2C1479DD0038F6FC /* URLRequestFactory.swift */,
				E2AD339F2C1479F00038F6FC /* IURLRequestFactory.swift */,
				E2AD33A12C147C080038F6FC /* APIConstants.swift */,
				E2AD33A52C1622DF0038F6FC /* NetworkRequestError.swift */,
			);
			path = URLRequestFactory;
			sourceTree = "<group>";
		};
		E2ADA3272C19B51A0038F6FC /* AppAssemby */ = {
			isa = PBXGroup;
			children = (
				E2B07A9B2C662E0500954A85 /* AppAssembly.swift */,
			);
			path = AppAssemby;
			sourceTree = "<group>";
		};
		E2ADD4A92C1776540038F6FC /* NetworkService */ = {
			isa = PBXGroup;
			children = (
				E2ADD4AB2C1777480038F6FC /* NetworkService.swift */,
			);
			path = NetworkService;
			sourceTree = "<group>";
		};
		E2D18D892CA2DDC000008AD6 /* Services */ = {
			isa = PBXGroup;
			children = (
				E298BCAA2D16DAA00049D88C /* FeedbackGeneratorService */,
				E23D815C2CA564E400CCEEA7 /* SearchLocationsService */,
				E2419D1D2C0B73E200342DA8 /* CurrentWeatherService */,
				E20DD1F22C58F36D009A4C1F /* ForecastService */,
			);
			path = Services;
			sourceTree = "<group>";
		};
		E2D18D8A2CA2DE3600008AD6 /* Submodules */ = {
			isa = PBXGroup;
			children = (
				E2419D2B2C0BA04200342DA8 /* SearchResults */,
			);
			path = Submodules;
			sourceTree = "<group>";
		};
		E2F692D82CE0AC0700B57BB6 /* Alerts */ = {
			isa = PBXGroup;
			children = (
				E2F692D92CE0AC4E00B57BB6 /* UIAlertController+Alert.swift */,
				E2F692DB2CE0AE7900B57BB6 /* SingleButtonAlertViewModel.swift */,
				E2F692D62CE0A7A500B57BB6 /* AlertMessageViewModelFactory.swift */,
			);
			path = Alerts;
			sourceTree = "<group>";
		};
		E2F6E0972CE235F200B57BB6 /* Flow */ = {
			isa = PBXGroup;
			children = (
				E23D81672CA5684E00CCEEA7 /* WeatherDetailsFlowCoordinator.swift */,
			);
			path = Flow;
			sourceTree = "<group>";
		};
		E2F6E0982CE2360300B57BB6 /* Flow */ = {
			isa = PBXGroup;
			children = (
				48C9DBB72BFA7BF900001A57 /* CurrentWeatherListFlowCoordinator.swift */,
			);
			path = Flow;
			sourceTree = "<group>";
		};
/* End PBXGroup section */

/* Begin PBXNativeTarget section */
		4813DE152BF2802300800CCD /* YetAnotherWeather */ = {
			isa = PBXNativeTarget;
			buildConfigurationList = 4813DE2A2BF2802900800CCD /* Build configuration list for PBXNativeTarget "YetAnotherWeather" */;
			buildPhases = (
				AE1879E2D035F99305D16E18 /* [CP] Check Pods Manifest.lock */,
				4813DE122BF2802300800CCD /* Sources */,
				4813DE132BF2802300800CCD /* Frameworks */,
				4813DE142BF2802300800CCD /* Resources */,
				C5E4A20CE74EA716D5014C9D /* [CP] Embed Pods Frameworks */,
			);
			buildRules = (
			);
			dependencies = (
			);
			name = YetAnotherWeather;
			productName = YetAnotherWeather;
			productReference = 4813DE162BF2802300800CCD /* YetAnotherWeather.app */;
			productType = "com.apple.product-type.application";
		};
/* End PBXNativeTarget section */

/* Begin PBXProject section */
		4813DE0E2BF2802300800CCD /* Project object */ = {
			isa = PBXProject;
			attributes = {
				BuildIndependentTargetsInParallel = 1;
				LastSwiftUpdateCheck = 1430;
				LastUpgradeCheck = 1430;
				TargetAttributes = {
					4813DE152BF2802300800CCD = {
						CreatedOnToolsVersion = 14.3.1;
					};
				};
			};
			buildConfigurationList = 4813DE112BF2802300800CCD /* Build configuration list for PBXProject "YetAnotherWeather" */;
			compatibilityVersion = "Xcode 14.0";
			developmentRegion = en;
			hasScannedForEncodings = 0;
			knownRegions = (
				en,
				Base,
			);
			mainGroup = 4813DE0D2BF2802300800CCD;
			productRefGroup = 4813DE172BF2802300800CCD /* Products */;
			projectDirPath = "";
			projectRoot = "";
			targets = (
				4813DE152BF2802300800CCD /* YetAnotherWeather */,
			);
		};
/* End PBXProject section */

/* Begin PBXResourcesBuildPhase section */
		4813DE142BF2802300800CCD /* Resources */ = {
			isa = PBXResourcesBuildPhase;
			buildActionMask = 2147483647;
			files = (
				4813DE262BF2802800800CCD /* LaunchScreen.storyboard in Resources */,
				4813DE232BF2802800800CCD /* Assets.xcassets in Resources */,
			);
			runOnlyForDeploymentPostprocessing = 0;
		};
/* End PBXResourcesBuildPhase section */

/* Begin PBXShellScriptBuildPhase section */
		AE1879E2D035F99305D16E18 /* [CP] Check Pods Manifest.lock */ = {
			isa = PBXShellScriptBuildPhase;
			buildActionMask = 2147483647;
			files = (
			);
			inputFileListPaths = (
			);
			inputPaths = (
				"${PODS_PODFILE_DIR_PATH}/Podfile.lock",
				"${PODS_ROOT}/Manifest.lock",
			);
			name = "[CP] Check Pods Manifest.lock";
			outputFileListPaths = (
			);
			outputPaths = (
				"$(DERIVED_FILE_DIR)/Pods-YetAnotherWeather-checkManifestLockResult.txt",
			);
			runOnlyForDeploymentPostprocessing = 0;
			shellPath = /bin/sh;
			shellScript = "diff \"${PODS_PODFILE_DIR_PATH}/Podfile.lock\" \"${PODS_ROOT}/Manifest.lock\" > /dev/null\nif [ $? != 0 ] ; then\n    # print error to STDERR\n    echo \"error: The sandbox is not in sync with the Podfile.lock. Run 'pod install' or update your CocoaPods installation.\" >&2\n    exit 1\nfi\n# This output is used by Xcode 'outputs' to avoid re-running this script phase.\necho \"SUCCESS\" > \"${SCRIPT_OUTPUT_FILE_0}\"\n";
			showEnvVarsInLog = 0;
		};
		C5E4A20CE74EA716D5014C9D /* [CP] Embed Pods Frameworks */ = {
			isa = PBXShellScriptBuildPhase;
			buildActionMask = 2147483647;
			files = (
			);
			inputFileListPaths = (
				"${PODS_ROOT}/Target Support Files/Pods-YetAnotherWeather/Pods-YetAnotherWeather-frameworks-${CONFIGURATION}-input-files.xcfilelist",
			);
			name = "[CP] Embed Pods Frameworks";
			outputFileListPaths = (
				"${PODS_ROOT}/Target Support Files/Pods-YetAnotherWeather/Pods-YetAnotherWeather-frameworks-${CONFIGURATION}-output-files.xcfilelist",
			);
			runOnlyForDeploymentPostprocessing = 0;
			shellPath = /bin/sh;
			shellScript = "\"${PODS_ROOT}/Target Support Files/Pods-YetAnotherWeather/Pods-YetAnotherWeather-frameworks.sh\"\n";
			showEnvVarsInLog = 0;
		};
/* End PBXShellScriptBuildPhase section */

/* Begin PBXSourcesBuildPhase section */
		4813DE122BF2802300800CCD /* Sources */ = {
			isa = PBXSourcesBuildPhase;
			buildActionMask = 2147483647;
			files = (
				E20DD1FC2C5916B0009A4C1F /* WeatherDetailsPresenter.swift in Sources */,
				E2419D222C0B744700342DA8 /* CurrentWeatherService.swift in Sources */,
				48C9DBBB2BFA7C1900001A57 /* AppCoordinator.swift in Sources */,
				E26CA8912BF2948A00F01EC9 /* CurrentWeatherListViewController.swift in Sources */,
				E2717F342D105B870020D40A /* CurrentWeatherCellType.swift in Sources */,
				E20DD2002C5918CE009A4C1F /* WeatherDetailsViewModelFactory.swift in Sources */,
				E23D81612CA5652B00CCEEA7 /* SearchResultParser.swift in Sources */,
				E20C58552CF70BF500DAFBA2 /* BeaufortScale.swift in Sources */,
				E2556D342CF2537F0002F056 /* WindView.swift in Sources */,
				E2F692D72CE0A7A500B57BB6 /* AlertMessageViewModelFactory.swift in Sources */,
				E2D1AE612CA29ABB00008AD6 /* ForecastParser.swift in Sources */,
				E2419D252C0B772E00342DA8 /* CurrentWeatherCell.swift in Sources */,
				E2556D2F2CF24B090002F056 /* WindParser.swift in Sources */,
				E20EECF52C4AA12A00B48F16 /* SearchResulsAssembly.swift in Sources */,
				E2B07A9C2C662E0500954A85 /* AppAssembly.swift in Sources */,
				E235180A2CFC775E00C08F37 /* UIView+Wrapped.swift in Sources */,
				E20DD1FE2C5916F3009A4C1F /* WeatherDetailsViewController.swift in Sources */,
				48C9DBB82BFA7BF900001A57 /* CurrentWeatherListFlowCoordinator.swift in Sources */,
				E2D1AE5F2CA29A6E00008AD6 /* ForecastModel.swift in Sources */,
				E235BAD32CFB196000C08F37 /* BottomLineView.swift in Sources */,
				E2ADA3262C19AF140038F6FC /* JSONParsable.swift in Sources */,
				E25558152CEC8A8F0002F056 /* ForecastView.swift in Sources */,
				E20EB73B2D214F78005C023E /* EmptyStateView.swift in Sources */,
				E2D1AE652CA29BA700008AD6 /* ConditionModel.swift in Sources */,
				E23DC60B2CA597A500CCEEA7 /* Module.swift in Sources */,
				E26CA8942BF2950100F01EC9 /* CurrentWeatherListPresenter.swift in Sources */,
				E2556D312CF24B160002F056 /* LocationParser.swift in Sources */,
				E20DD1FA2C59169C009A4C1F /* WeatherDetailsAssembly.swift in Sources */,
				E280DAFB2C31740F00D683CD /* IJSONParser.swift in Sources */,
				E23D81682CA5684E00CCEEA7 /* WeatherDetailsFlowCoordinator.swift in Sources */,
				E20EB73D2D21C624005C023E /* SingleHourView.swift in Sources */,
				E250B1862CE89EFF005EDAE6 /* SingleDayForecastView.swift in Sources */,
				E22ECF842CBA878D0039AEC5 /* CurrentWeatherView.swift in Sources */,
				E2F692DA2CE0AC4E00B57BB6 /* UIAlertController+Alert.swift in Sources */,
				E280DAFD2C31750F00D683CD /* CurrentWeatherParser.swift in Sources */,
				E298BCAC2D16DAB80049D88C /* FeedbackGeneratorService.swift in Sources */,
				E20EECFA2C4AA16200B48F16 /* SearchResultsPresenter.swift in Sources */,
				E20EECF82C4AA14800B48F16 /* SearchResultCellView.swift in Sources */,
				E2E926942CFDF9A400DFB00C /* BeaufortScaleResolver.swift in Sources */,
				E2AD19592C19A7E20038F6FC /* CurrentWeatherModel.swift in Sources */,
				E23500382CCEB5A200456FA4 /* WeatherDetailsViewModel.swift in Sources */,
				E2419D282C0B77B100342DA8 /* ConfigurableView.swift in Sources */,
				E20EECFC2C4AA17F00B48F16 /* SearchResultsViewController.swift in Sources */,
				E2D1AE632CA29B0800008AD6 /* ForecastService.swift in Sources */,
				E20EB7412D231990005C023E /* HourlyForecastView.swift in Sources */,
				E23D81662CA5657200CCEEA7 /* SearchLocationsService.swift in Sources */,
				E261209B2D018E4D00FEAA03 /* CurrentWeatherCellViewModelFactory.swift in Sources */,
				E26CA8972BF2953000F01EC9 /* CurrentWeatherListAssembly.swift in Sources */,
				E2AD33A22C147C080038F6FC /* APIConstants.swift in Sources */,
				E23D815F2CA5651100CCEEA7 /* SearchResultModel.swift in Sources */,
				E23D81632CA5654900CCEEA7 /* SerachResult+JSONParsable.swift in Sources */,
				E2ADD4AC2C1777480038F6FC /* NetworkService.swift in Sources */,
				4813DE1A2BF2802300800CCD /* AppDelegate.swift in Sources */,
				E2E9EF382CFF4DC200DFB00C /* WidgetHeaderView.swift in Sources */,
				E2AD339E2C1479DD0038F6FC /* URLRequestFactory.swift in Sources */,
				E250B1892CEA621C005EDAE6 /* CustomDateFormatter.swift in Sources */,
				E2AD33A02C1479F00038F6FC /* IURLRequestFactory.swift in Sources */,
				E2F692DC2CE0AE7900B57BB6 /* SingleButtonAlertViewModel.swift in Sources */,
				E2AD33A62C1622DF0038F6FC /* NetworkRequestError.swift in Sources */,
				E2556D362CF2569D0002F056 /* WindParametersView.swift in Sources */,
			);
			runOnlyForDeploymentPostprocessing = 0;
		};
/* End PBXSourcesBuildPhase section */

/* Begin PBXVariantGroup section */
		4813DE242BF2802800800CCD /* LaunchScreen.storyboard */ = {
			isa = PBXVariantGroup;
			children = (
				4813DE252BF2802800800CCD /* Base */,
			);
			name = LaunchScreen.storyboard;
			sourceTree = "<group>";
		};
/* End PBXVariantGroup section */

/* Begin XCBuildConfiguration section */
		4813DE282BF2802900800CCD /* Debug */ = {
			isa = XCBuildConfiguration;
			buildSettings = {
				ALWAYS_SEARCH_USER_PATHS = NO;
				CLANG_ANALYZER_NONNULL = YES;
				CLANG_ANALYZER_NUMBER_OBJECT_CONVERSION = YES_AGGRESSIVE;
				CLANG_CXX_LANGUAGE_STANDARD = "gnu++20";
				CLANG_ENABLE_MODULES = YES;
				CLANG_ENABLE_OBJC_ARC = YES;
				CLANG_ENABLE_OBJC_WEAK = YES;
				CLANG_WARN_BLOCK_CAPTURE_AUTORELEASING = YES;
				CLANG_WARN_BOOL_CONVERSION = YES;
				CLANG_WARN_COMMA = YES;
				CLANG_WARN_CONSTANT_CONVERSION = YES;
				CLANG_WARN_DEPRECATED_OBJC_IMPLEMENTATIONS = YES;
				CLANG_WARN_DIRECT_OBJC_ISA_USAGE = YES_ERROR;
				CLANG_WARN_DOCUMENTATION_COMMENTS = YES;
				CLANG_WARN_EMPTY_BODY = YES;
				CLANG_WARN_ENUM_CONVERSION = YES;
				CLANG_WARN_INFINITE_RECURSION = YES;
				CLANG_WARN_INT_CONVERSION = YES;
				CLANG_WARN_NON_LITERAL_NULL_CONVERSION = YES;
				CLANG_WARN_OBJC_IMPLICIT_RETAIN_SELF = YES;
				CLANG_WARN_OBJC_LITERAL_CONVERSION = YES;
				CLANG_WARN_OBJC_ROOT_CLASS = YES_ERROR;
				CLANG_WARN_QUOTED_INCLUDE_IN_FRAMEWORK_HEADER = YES;
				CLANG_WARN_RANGE_LOOP_ANALYSIS = YES;
				CLANG_WARN_STRICT_PROTOTYPES = YES;
				CLANG_WARN_SUSPICIOUS_MOVE = YES;
				CLANG_WARN_UNGUARDED_AVAILABILITY = YES_AGGRESSIVE;
				CLANG_WARN_UNREACHABLE_CODE = YES;
				CLANG_WARN__DUPLICATE_METHOD_MATCH = YES;
				COPY_PHASE_STRIP = NO;
				DEBUG_INFORMATION_FORMAT = dwarf;
				ENABLE_STRICT_OBJC_MSGSEND = YES;
				ENABLE_TESTABILITY = YES;
				GCC_C_LANGUAGE_STANDARD = gnu11;
				GCC_DYNAMIC_NO_PIC = NO;
				GCC_NO_COMMON_BLOCKS = YES;
				GCC_OPTIMIZATION_LEVEL = 0;
				GCC_PREPROCESSOR_DEFINITIONS = (
					"DEBUG=1",
					"$(inherited)",
				);
				GCC_WARN_64_TO_32_BIT_CONVERSION = YES;
				GCC_WARN_ABOUT_RETURN_TYPE = YES_ERROR;
				GCC_WARN_UNDECLARED_SELECTOR = YES;
				GCC_WARN_UNINITIALIZED_AUTOS = YES_AGGRESSIVE;
				GCC_WARN_UNUSED_FUNCTION = YES;
				GCC_WARN_UNUSED_VARIABLE = YES;
				IPHONEOS_DEPLOYMENT_TARGET = 16.4;
				MTL_ENABLE_DEBUG_INFO = INCLUDE_SOURCE;
				MTL_FAST_MATH = YES;
				ONLY_ACTIVE_ARCH = YES;
				SDKROOT = iphoneos;
				SWIFT_ACTIVE_COMPILATION_CONDITIONS = DEBUG;
				SWIFT_OPTIMIZATION_LEVEL = "-Onone";
			};
			name = Debug;
		};
		4813DE292BF2802900800CCD /* Release */ = {
			isa = XCBuildConfiguration;
			buildSettings = {
				ALWAYS_SEARCH_USER_PATHS = NO;
				CLANG_ANALYZER_NONNULL = YES;
				CLANG_ANALYZER_NUMBER_OBJECT_CONVERSION = YES_AGGRESSIVE;
				CLANG_CXX_LANGUAGE_STANDARD = "gnu++20";
				CLANG_ENABLE_MODULES = YES;
				CLANG_ENABLE_OBJC_ARC = YES;
				CLANG_ENABLE_OBJC_WEAK = YES;
				CLANG_WARN_BLOCK_CAPTURE_AUTORELEASING = YES;
				CLANG_WARN_BOOL_CONVERSION = YES;
				CLANG_WARN_COMMA = YES;
				CLANG_WARN_CONSTANT_CONVERSION = YES;
				CLANG_WARN_DEPRECATED_OBJC_IMPLEMENTATIONS = YES;
				CLANG_WARN_DIRECT_OBJC_ISA_USAGE = YES_ERROR;
				CLANG_WARN_DOCUMENTATION_COMMENTS = YES;
				CLANG_WARN_EMPTY_BODY = YES;
				CLANG_WARN_ENUM_CONVERSION = YES;
				CLANG_WARN_INFINITE_RECURSION = YES;
				CLANG_WARN_INT_CONVERSION = YES;
				CLANG_WARN_NON_LITERAL_NULL_CONVERSION = YES;
				CLANG_WARN_OBJC_IMPLICIT_RETAIN_SELF = YES;
				CLANG_WARN_OBJC_LITERAL_CONVERSION = YES;
				CLANG_WARN_OBJC_ROOT_CLASS = YES_ERROR;
				CLANG_WARN_QUOTED_INCLUDE_IN_FRAMEWORK_HEADER = YES;
				CLANG_WARN_RANGE_LOOP_ANALYSIS = YES;
				CLANG_WARN_STRICT_PROTOTYPES = YES;
				CLANG_WARN_SUSPICIOUS_MOVE = YES;
				CLANG_WARN_UNGUARDED_AVAILABILITY = YES_AGGRESSIVE;
				CLANG_WARN_UNREACHABLE_CODE = YES;
				CLANG_WARN__DUPLICATE_METHOD_MATCH = YES;
				COPY_PHASE_STRIP = NO;
				DEBUG_INFORMATION_FORMAT = "dwarf-with-dsym";
				ENABLE_NS_ASSERTIONS = NO;
				ENABLE_STRICT_OBJC_MSGSEND = YES;
				GCC_C_LANGUAGE_STANDARD = gnu11;
				GCC_NO_COMMON_BLOCKS = YES;
				GCC_WARN_64_TO_32_BIT_CONVERSION = YES;
				GCC_WARN_ABOUT_RETURN_TYPE = YES_ERROR;
				GCC_WARN_UNDECLARED_SELECTOR = YES;
				GCC_WARN_UNINITIALIZED_AUTOS = YES_AGGRESSIVE;
				GCC_WARN_UNUSED_FUNCTION = YES;
				GCC_WARN_UNUSED_VARIABLE = YES;
				IPHONEOS_DEPLOYMENT_TARGET = 16.4;
				MTL_ENABLE_DEBUG_INFO = NO;
				MTL_FAST_MATH = YES;
				SDKROOT = iphoneos;
				SWIFT_COMPILATION_MODE = wholemodule;
				SWIFT_OPTIMIZATION_LEVEL = "-O";
				VALIDATE_PRODUCT = YES;
			};
			name = Release;
		};
		4813DE2B2BF2802900800CCD /* Debug */ = {
			isa = XCBuildConfiguration;
			baseConfigurationReference = DC9CB1FB3EE91488279642ED /* Pods-YetAnotherWeather.debug.xcconfig */;
			buildSettings = {
				ASSETCATALOG_COMPILER_APPICON_NAME = AppIcon;
				ASSETCATALOG_COMPILER_GLOBAL_ACCENT_COLOR_NAME = AccentColor;
				CODE_SIGN_STYLE = Automatic;
				CURRENT_PROJECT_VERSION = 1;
				DEVELOPMENT_TEAM = XE7XG94NL5;
				GENERATE_INFOPLIST_FILE = YES;
				INFOPLIST_FILE = YetAnotherWeather/Info.plist;
				INFOPLIST_KEY_LSApplicationCategoryType = "public.app-category.weather";
				INFOPLIST_KEY_UIApplicationSupportsIndirectInputEvents = YES;
				INFOPLIST_KEY_UILaunchStoryboardName = LaunchScreen;
				INFOPLIST_KEY_UISupportedInterfaceOrientations = UIInterfaceOrientationPortrait;
				INFOPLIST_KEY_UISupportedInterfaceOrientations_iPad = "UIInterfaceOrientationLandscapeLeft UIInterfaceOrientationLandscapeRight UIInterfaceOrientationPortrait UIInterfaceOrientationPortraitUpsideDown";
				IPHONEOS_DEPLOYMENT_TARGET = 16.6;
				LD_RUNPATH_SEARCH_PATHS = (
					"$(inherited)",
					"@executable_path/Frameworks",
				);
				MARKETING_VERSION = 1.0;
				PRODUCT_BUNDLE_IDENTIFIER = com.igrebeniuk.YetAnotherWeather;
				PRODUCT_NAME = "$(TARGET_NAME)";
				SUPPORTED_PLATFORMS = "iphoneos iphonesimulator";
				SUPPORTS_MACCATALYST = NO;
				SUPPORTS_MAC_DESIGNED_FOR_IPHONE_IPAD = NO;
				SUPPORTS_XR_DESIGNED_FOR_IPHONE_IPAD = NO;
				SWIFT_EMIT_LOC_STRINGS = YES;
				SWIFT_VERSION = 5.0;
				TARGETED_DEVICE_FAMILY = 1;
			};
			name = Debug;
		};
		4813DE2C2BF2802900800CCD /* Release */ = {
			isa = XCBuildConfiguration;
			baseConfigurationReference = BC3E558F7C4C055B6E3877E3 /* Pods-YetAnotherWeather.release.xcconfig */;
			buildSettings = {
				ASSETCATALOG_COMPILER_APPICON_NAME = AppIcon;
				ASSETCATALOG_COMPILER_GLOBAL_ACCENT_COLOR_NAME = AccentColor;
				CODE_SIGN_STYLE = Automatic;
				CURRENT_PROJECT_VERSION = 1;
				DEVELOPMENT_TEAM = XE7XG94NL5;
				GENERATE_INFOPLIST_FILE = YES;
				INFOPLIST_FILE = YetAnotherWeather/Info.plist;
				INFOPLIST_KEY_LSApplicationCategoryType = "public.app-category.weather";
				INFOPLIST_KEY_UIApplicationSupportsIndirectInputEvents = YES;
				INFOPLIST_KEY_UILaunchStoryboardName = LaunchScreen;
				INFOPLIST_KEY_UISupportedInterfaceOrientations = UIInterfaceOrientationPortrait;
				INFOPLIST_KEY_UISupportedInterfaceOrientations_iPad = "UIInterfaceOrientationLandscapeLeft UIInterfaceOrientationLandscapeRight UIInterfaceOrientationPortrait UIInterfaceOrientationPortraitUpsideDown";
				IPHONEOS_DEPLOYMENT_TARGET = 16.6;
				LD_RUNPATH_SEARCH_PATHS = (
					"$(inherited)",
					"@executable_path/Frameworks",
				);
				MARKETING_VERSION = 1.0;
				PRODUCT_BUNDLE_IDENTIFIER = com.igrebeniuk.YetAnotherWeather;
				PRODUCT_NAME = "$(TARGET_NAME)";
				SUPPORTED_PLATFORMS = "iphoneos iphonesimulator";
				SUPPORTS_MACCATALYST = NO;
				SUPPORTS_MAC_DESIGNED_FOR_IPHONE_IPAD = NO;
				SUPPORTS_XR_DESIGNED_FOR_IPHONE_IPAD = NO;
				SWIFT_EMIT_LOC_STRINGS = YES;
				SWIFT_VERSION = 5.0;
				TARGETED_DEVICE_FAMILY = 1;
			};
			name = Release;
		};
/* End XCBuildConfiguration section */

/* Begin XCConfigurationList section */
		4813DE112BF2802300800CCD /* Build configuration list for PBXProject "YetAnotherWeather" */ = {
			isa = XCConfigurationList;
			buildConfigurations = (
				4813DE282BF2802900800CCD /* Debug */,
				4813DE292BF2802900800CCD /* Release */,
			);
			defaultConfigurationIsVisible = 0;
			defaultConfigurationName = Release;
		};
		4813DE2A2BF2802900800CCD /* Build configuration list for PBXNativeTarget "YetAnotherWeather" */ = {
			isa = XCConfigurationList;
			buildConfigurations = (
				4813DE2B2BF2802900800CCD /* Debug */,
				4813DE2C2BF2802900800CCD /* Release */,
			);
			defaultConfigurationIsVisible = 0;
			defaultConfigurationName = Release;
		};
/* End XCConfigurationList section */
	};
	rootObject = 4813DE0E2BF2802300800CCD /* Project object */;
}
